
Microsoft Visual Studio Solution File, Format Version 12.00
# Visual Studio Version 17
VisualStudioVersion = 17.7.34024.191
MinimumVisualStudioVersion = 10.0.40219.1
Project("{FAE04EC0-301F-11D3-BF4B-00C04F79EFBC}") = "WebApplication1", "WebApplication1.csproj", "{31EDF7DF-A343-4945-AB88-7F22489993BD}"
EndProject
Global
	GlobalSection(SolutionConfigurationPlatforms) = preSolution
		Debug|Any CPU = Debug|Any CPU
		Release|Any CPU = Release|Any CPU
	EndGlobalSection
	GlobalSection(ProjectConfigurationPlatforms) = postSolution
		{31EDF7DF-A343-4945-AB88-7F22489993BD}.Debug|Any CPU.ActiveCfg = Debug|Any CPU
		{31EDF7DF-A343-4945-AB88-7F22489993BD}.Debug|Any CPU.Build.0 = Debug|Any CPU
		{31EDF7DF-A343-4945-AB88-7F22489993BD}.Release|Any CPU.ActiveCfg = Release|Any CPU
		{31EDF7DF-A343-4945-AB88-7F22489993BD}.Release|Any CPU.Build.0 = Release|Any CPU
	EndGlobalSection
	GlobalSection(SolutionProperties) = preSolution
		HideSolutionNode = FALSE
	EndGlobalSection
	GlobalSection(ExtensibilityGlobals) = postSolution
		SolutionGuid = {A392AD30-205C-4478-A898-6190FBDF4FED}
	EndGlobalSection
EndGlobal
